
Microsoft Visual Studio Solution File, Format Version 12.00
# Visual Studio Version 17
VisualStudioVersion = 17.2.32616.157
MinimumVisualStudioVersion = 10.0.40219.1
Project("{FAE04EC0-301F-11D3-BF4B-00C04F79EFBC}") = "Lab_3_1_27", "Lab_3_1_27.csproj", "{5FF9F460-6A3F-4D55-B389-67F9D5147EA2}"
EndProject
Global
	GlobalSection(SolutionConfigurationPlatforms) = preSolution
		Debug|Any CPU = Debug|Any CPU
		Release|Any CPU = Release|Any CPU
	EndGlobalSection
	GlobalSection(ProjectConfigurationPlatforms) = postSolution
		{5FF9F460-6A3F-4D55-B389-67F9D5147EA2}.Debug|Any CPU.ActiveCfg = Debug|Any CPU
		{5FF9F460-6A3F-4D55-B389-67F9D5147EA2}.Debug|Any CPU.Build.0 = Debug|Any CPU
		{5FF9F460-6A3F-4D55-B389-67F9D5147EA2}.Release|Any CPU.ActiveCfg = Release|Any CPU
		{5FF9F460-6A3F-4D55-B389-67F9D5147EA2}.Release|Any CPU.Build.0 = Release|Any CPU
	EndGlobalSection
	GlobalSection(SolutionProperties) = preSolution
		HideSolutionNode = FALSE
	EndGlobalSection
	GlobalSection(ExtensibilityGlobals) = postSolution
		SolutionGuid = {506AC9CD-75F2-4A00-BF24-E5460E196912}
	EndGlobalSection
EndGlobal
